// !$*UTF8*$!
{
	archiveVersion = 1;
	classes = {
	};
	objectVersion = 56;
	objects = {

/* Begin PBXBuildFile section */
		CA0C107E2A5C730600069237 /* FixedView.swift in Sources */ = {isa = PBXBuildFile; fileRef = CA0C107D2A5C730600069237 /* FixedView.swift */; };
		CA0C10822A5C77AF00069237 /* TopBar.swift in Sources */ = {isa = PBXBuildFile; fileRef = CA0C10812A5C77AF00069237 /* TopBar.swift */; };
		CA0C10842A5C795200069237 /* Start.swift in Sources */ = {isa = PBXBuildFile; fileRef = CA0C10832A5C795200069237 /* Start.swift */; };
		CA0C10862A5C796000069237 /* Specials.swift in Sources */ = {isa = PBXBuildFile; fileRef = CA0C10852A5C796000069237 /* Specials.swift */; };
		CA0C10882A5C796800069237 /* DailyMenu.swift in Sources */ = {isa = PBXBuildFile; fileRef = CA0C10872A5C796800069237 /* DailyMenu.swift */; };
		CA0C108A2A5C797600069237 /* MainCard.swift in Sources */ = {isa = PBXBuildFile; fileRef = CA0C10892A5C797600069237 /* MainCard.swift */; };
		CA0C108C2A5C798800069237 /* Gallery.swift in Sources */ = {isa = PBXBuildFile; fileRef = CA0C108B2A5C798700069237 /* Gallery.swift */; };
		CA0C108E2A5C799300069237 /* Contact.swift in Sources */ = {isa = PBXBuildFile; fileRef = CA0C108D2A5C799300069237 /* Contact.swift */; };
		CA37D3482A5F40CA00901CC9 /* Category.swift in Sources */ = {isa = PBXBuildFile; fileRef = CA37D3472A5F40CA00901CC9 /* Category.swift */; };
		CA501A922A59FA6400DC231A /* RestaurantApp.swift in Sources */ = {isa = PBXBuildFile; fileRef = CA501A912A59FA6400DC231A /* RestaurantApp.swift */; };
		CA501A942A59FA6400DC231A /* ContentView.swift in Sources */ = {isa = PBXBuildFile; fileRef = CA501A932A59FA6400DC231A /* ContentView.swift */; };
		CA501A962A59FA6600DC231A /* Assets.xcassets in Resources */ = {isa = PBXBuildFile; fileRef = CA501A952A59FA6600DC231A /* Assets.xcassets */; };
		CA501A992A59FA6600DC231A /* Preview Assets.xcassets in Resources */ = {isa = PBXBuildFile; fileRef = CA501A982A59FA6600DC231A /* Preview Assets.xcassets */; };
		CA501AA02A5A025F00DC231A /* CustomColors.swift in Sources */ = {isa = PBXBuildFile; fileRef = CA501A9F2A5A025F00DC231A /* CustomColors.swift */; };
/* End PBXBuildFile section */

/* Begin PBXFileReference section */
		CA0C107D2A5C730600069237 /* FixedView.swift */ = {isa = PBXFileReference; lastKnownFileType = sourcecode.swift; path = FixedView.swift; sourceTree = "<group>"; };
		CA0C10812A5C77AF00069237 /* TopBar.swift */ = {isa = PBXFileReference; lastKnownFileType = sourcecode.swift; path = TopBar.swift; sourceTree = "<group>"; };
		CA0C10832A5C795200069237 /* Start.swift */ = {isa = PBXFileReference; lastKnownFileType = sourcecode.swift; path = Start.swift; sourceTree = "<group>"; };
		CA0C10852A5C796000069237 /* Specials.swift */ = {isa = PBXFileReference; lastKnownFileType = sourcecode.swift; path = Specials.swift; sourceTree = "<group>"; };
		CA0C10872A5C796800069237 /* DailyMenu.swift */ = {isa = PBXFileReference; lastKnownFileType = sourcecode.swift; path = DailyMenu.swift; sourceTree = "<group>"; };
		CA0C10892A5C797600069237 /* MainCard.swift */ = {isa = PBXFileReference; lastKnownFileType = sourcecode.swift; path = MainCard.swift; sourceTree = "<group>"; };
		CA0C108B2A5C798700069237 /* Gallery.swift */ = {isa = PBXFileReference; lastKnownFileType = sourcecode.swift; path = Gallery.swift; sourceTree = "<group>"; };
		CA0C108D2A5C799300069237 /* Contact.swift */ = {isa = PBXFileReference; lastKnownFileType = sourcecode.swift; path = Contact.swift; sourceTree = "<group>"; };
		CA37D3472A5F40CA00901CC9 /* Category.swift */ = {isa = PBXFileReference; lastKnownFileType = sourcecode.swift; path = Category.swift; sourceTree = "<group>"; };
		CA501A8E2A59FA6400DC231A /* Restaurant.app */ = {isa = PBXFileReference; explicitFileType = wrapper.application; includeInIndex = 0; path = Restaurant.app; sourceTree = BUILT_PRODUCTS_DIR; };
		CA501A912A59FA6400DC231A /* RestaurantApp.swift */ = {isa = PBXFileReference; lastKnownFileType = sourcecode.swift; path = RestaurantApp.swift; sourceTree = "<group>"; };
		CA501A932A59FA6400DC231A /* ContentView.swift */ = {isa = PBXFileReference; lastKnownFileType = sourcecode.swift; path = ContentView.swift; sourceTree = "<group>"; };
		CA501A952A59FA6600DC231A /* Assets.xcassets */ = {isa = PBXFileReference; lastKnownFileType = folder.assetcatalog; path = Assets.xcassets; sourceTree = "<group>"; };
		CA501A982A59FA6600DC231A /* Preview Assets.xcassets */ = {isa = PBXFileReference; lastKnownFileType = folder.assetcatalog; path = "Preview Assets.xcassets"; sourceTree = "<group>"; };
		CA501A9F2A5A025F00DC231A /* CustomColors.swift */ = {isa = PBXFileReference; lastKnownFileType = sourcecode.swift; path = CustomColors.swift; sourceTree = "<group>"; };
/* End PBXFileReference section */

/* Begin PBXFrameworksBuildPhase section */
		CA501A8B2A59FA6400DC231A /* Frameworks */ = {
			isa = PBXFrameworksBuildPhase;
			buildActionMask = 2147483647;
			files = (
			);
			runOnlyForDeploymentPostprocessing = 0;
		};
/* End PBXFrameworksBuildPhase section */

/* Begin PBXGroup section */
		CA501A852A59FA6400DC231A = {
			isa = PBXGroup;
			children = (
				CA501A902A59FA6400DC231A /* Restaurant */,
				CA501A8F2A59FA6400DC231A /* Products */,
			);
			sourceTree = "<group>";
		};
		CA501A8F2A59FA6400DC231A /* Products */ = {
			isa = PBXGroup;
			children = (
				CA501A8E2A59FA6400DC231A /* Restaurant.app */,
			);
			name = Products;
			sourceTree = "<group>";
		};
		CA501A902A59FA6400DC231A /* Restaurant */ = {
			isa = PBXGroup;
			children = (
				CA501A912A59FA6400DC231A /* RestaurantApp.swift */,
				CA501A932A59FA6400DC231A /* ContentView.swift */,
				CA0C10832A5C795200069237 /* Start.swift */,
				CA0C10852A5C796000069237 /* Specials.swift */,
				CA0C10872A5C796800069237 /* DailyMenu.swift */,
				CA0C10892A5C797600069237 /* MainCard.swift */,
				CA0C108B2A5C798700069237 /* Gallery.swift */,
				CA0C108D2A5C799300069237 /* Contact.swift */,
				CA0C10812A5C77AF00069237 /* TopBar.swift */,
				CA0C107D2A5C730600069237 /* FixedView.swift */,
				CA37D3472A5F40CA00901CC9 /* Category.swift */,
				CA501A9F2A5A025F00DC231A /* CustomColors.swift */,
				CA501A952A59FA6600DC231A /* Assets.xcassets */,
				CA501A972A59FA6600DC231A /* Preview Content */,
			);
			path = Restaurant;
			sourceTree = "<group>";
		};
		CA501A972A59FA6600DC231A /* Preview Content */ = {
			isa = PBXGroup;
			children = (
				CA501A982A59FA6600DC231A /* Preview Assets.xcassets */,
			);
			path = "Preview Content";
			sourceTree = "<group>";
		};
/* End PBXGroup section */

/* Begin PBXNativeTarget section */
		CA501A8D2A59FA6400DC231A /* Restaurant */ = {
			isa = PBXNativeTarget;
			buildConfigurationList = CA501A9C2A59FA6600DC231A /* Build configuration list for PBXNativeTarget "Restaurant" */;
			buildPhases = (
				CA501A8A2A59FA6400DC231A /* Sources */,
				CA501A8B2A59FA6400DC231A /* Frameworks */,
				CA501A8C2A59FA6400DC231A /* Resources */,
			);
			buildRules = (
			);
			dependencies = (
			);
			name = Restaurant;
			productName = Restaurant;
			productReference = CA501A8E2A59FA6400DC231A /* Restaurant.app */;
			productType = "com.apple.product-type.application";
		};
/* End PBXNativeTarget section */

/* Begin PBXProject section */
		CA501A862A59FA6400DC231A /* Project object */ = {
			isa = PBXProject;
			attributes = {
				BuildIndependentTargetsInParallel = 1;
				LastSwiftUpdateCheck = 1430;
				LastUpgradeCheck = 1430;
				TargetAttributes = {
					CA501A8D2A59FA6400DC231A = {
						CreatedOnToolsVersion = 14.3.1;
					};
				};
			};
			buildConfigurationList = CA501A892A59FA6400DC231A /* Build configuration list for PBXProject "Restaurant" */;
			compatibilityVersion = "Xcode 14.0";
			developmentRegion = en;
			hasScannedForEncodings = 0;
			knownRegions = (
				en,
				Base,
			);
			mainGroup = CA501A852A59FA6400DC231A;
			productRefGroup = CA501A8F2A59FA6400DC231A /* Products */;
			projectDirPath = "";
			projectRoot = "";
			targets = (
				CA501A8D2A59FA6400DC231A /* Restaurant */,
			);
		};
/* End PBXProject section */

/* Begin PBXResourcesBuildPhase section */
		CA501A8C2A59FA6400DC231A /* Resources */ = {
			isa = PBXResourcesBuildPhase;
			buildActionMask = 2147483647;
			files = (
				CA501A992A59FA6600DC231A /* Preview Assets.xcassets in Resources */,
				CA501A962A59FA6600DC231A /* Assets.xcassets in Resources */,
			);
			runOnlyForDeploymentPostprocessing = 0;
		};
/* End PBXResourcesBuildPhase section */

/* Begin PBXSourcesBuildPhase section */
		CA501A8A2A59FA6400DC231A /* Sources */ = {
			isa = PBXSourcesBuildPhase;
			buildActionMask = 2147483647;
			files = (
				CA501A942A59FA6400DC231A /* ContentView.swift in Sources */,
				CA0C107E2A5C730600069237 /* FixedView.swift in Sources */,
				CA0C10882A5C796800069237 /* DailyMenu.swift in Sources */,
				CA0C10822A5C77AF00069237 /* TopBar.swift in Sources */,
				CA501AA02A5A025F00DC231A /* CustomColors.swift in Sources */,
				CA0C10842A5C795200069237 /* Start.swift in Sources */,
				CA0C108E2A5C799300069237 /* Contact.swift in Sources */,
				CA0C108C2A5C798800069237 /* Gallery.swift in Sources */,
				CA501A922A59FA6400DC231A /* RestaurantApp.swift in Sources */,
				CA0C108A2A5C797600069237 /* MainCard.swift in Sources */,
				CA0C10862A5C796000069237 /* Specials.swift in Sources */,
				CA37D3482A5F40CA00901CC9 /* Category.swift in Sources */,
			);
			runOnlyForDeploymentPostprocessing = 0;
		};
/* End PBXSourcesBuildPhase section */

/* Begin XCBuildConfiguration section */
		CA501A9A2A59FA6600DC231A /* Debug */ = {
			isa = XCBuildConfiguration;
			buildSettings = {
				ALWAYS_SEARCH_USER_PATHS = NO;
				CLANG_ANALYZER_NONNULL = YES;
				CLANG_ANALYZER_NUMBER_OBJECT_CONVERSION = YES_AGGRESSIVE;
				CLANG_CXX_LANGUAGE_STANDARD = "gnu++20";
				CLANG_ENABLE_MODULES = YES;
				CLANG_ENABLE_OBJC_ARC = YES;
				CLANG_ENABLE_OBJC_WEAK = YES;
				CLANG_WARN_BLOCK_CAPTURE_AUTORELEASING = YES;
				CLANG_WARN_BOOL_CONVERSION = YES;
				CLANG_WARN_COMMA = YES;
				CLANG_WARN_CONSTANT_CONVERSION = YES;
				CLANG_WARN_DEPRECATED_OBJC_IMPLEMENTATIONS = YES;
				CLANG_WARN_DIRECT_OBJC_ISA_USAGE = YES_ERROR;
				CLANG_WARN_DOCUMENTATION_COMMENTS = YES;
				CLANG_WARN_EMPTY_BODY = YES;
				CLANG_WARN_ENUM_CONVERSION = YES;
				CLANG_WARN_INFINITE_RECURSION = YES;
				CLANG_WARN_INT_CONVERSION = YES;
				CLANG_WARN_NON_LITERAL_NULL_CONVERSION = YES;
				CLANG_WARN_OBJC_IMPLICIT_RETAIN_SELF = YES;
				CLANG_WARN_OBJC_LITERAL_CONVERSION = YES;
				CLANG_WARN_OBJC_ROOT_CLASS = YES_ERROR;
				CLANG_WARN_QUOTED_INCLUDE_IN_FRAMEWORK_HEADER = YES;
				CLANG_WARN_RANGE_LOOP_ANALYSIS = YES;
				CLANG_WARN_STRICT_PROTOTYPES = YES;
				CLANG_WARN_SUSPICIOUS_MOVE = YES;
				CLANG_WARN_UNGUARDED_AVAILABILITY = YES_AGGRESSIVE;
				CLANG_WARN_UNREACHABLE_CODE = YES;
				CLANG_WARN__DUPLICATE_METHOD_MATCH = YES;
				COPY_PHASE_STRIP = NO;
				DEBUG_INFORMATION_FORMAT = dwarf;
				ENABLE_STRICT_OBJC_MSGSEND = YES;
				ENABLE_TESTABILITY = YES;
				GCC_C_LANGUAGE_STANDARD = gnu11;
				GCC_DYNAMIC_NO_PIC = NO;
				GCC_NO_COMMON_BLOCKS = YES;
				GCC_OPTIMIZATION_LEVEL = 0;
				GCC_PREPROCESSOR_DEFINITIONS = (
					"DEBUG=1",
					"$(inherited)",
				);
				GCC_WARN_64_TO_32_BIT_CONVERSION = YES;
				GCC_WARN_ABOUT_RETURN_TYPE = YES_ERROR;
				GCC_WARN_UNDECLARED_SELECTOR = YES;
				GCC_WARN_UNINITIALIZED_AUTOS = YES_AGGRESSIVE;
				GCC_WARN_UNUSED_FUNCTION = YES;
				GCC_WARN_UNUSED_VARIABLE = YES;
				IPHONEOS_DEPLOYMENT_TARGET = 16.4;
				MTL_ENABLE_DEBUG_INFO = INCLUDE_SOURCE;
				MTL_FAST_MATH = YES;
				ONLY_ACTIVE_ARCH = YES;
				SDKROOT = iphoneos;
				SWIFT_ACTIVE_COMPILATION_CONDITIONS = DEBUG;
				SWIFT_OPTIMIZATION_LEVEL = "-Onone";
			};
			name = Debug;
		};
		CA501A9B2A59FA6600DC231A /* Release */ = {
			isa = XCBuildConfiguration;
			buildSettings = {
				ALWAYS_SEARCH_USER_PATHS = NO;
				CLANG_ANALYZER_NONNULL = YES;
				CLANG_ANALYZER_NUMBER_OBJECT_CONVERSION = YES_AGGRESSIVE;
				CLANG_CXX_LANGUAGE_STANDARD = "gnu++20";
				CLANG_ENABLE_MODULES = YES;
				CLANG_ENABLE_OBJC_ARC = YES;
				CLANG_ENABLE_OBJC_WEAK = YES;
				CLANG_WARN_BLOCK_CAPTURE_AUTORELEASING = YES;
				CLANG_WARN_BOOL_CONVERSION = YES;
				CLANG_WARN_COMMA = YES;
				CLANG_WARN_CONSTANT_CONVERSION = YES;
				CLANG_WARN_DEPRECATED_OBJC_IMPLEMENTATIONS = YES;
				CLANG_WARN_DIRECT_OBJC_ISA_USAGE = YES_ERROR;
				CLANG_WARN_DOCUMENTATION_COMMENTS = YES;
				CLANG_WARN_EMPTY_BODY = YES;
				CLANG_WARN_ENUM_CONVERSION = YES;
				CLANG_WARN_INFINITE_RECURSION = YES;
				CLANG_WARN_INT_CONVERSION = YES;
				CLANG_WARN_NON_LITERAL_NULL_CONVERSION = YES;
				CLANG_WARN_OBJC_IMPLICIT_RETAIN_SELF = YES;
				CLANG_WARN_OBJC_LITERAL_CONVERSION = YES;
				CLANG_WARN_OBJC_ROOT_CLASS = YES_ERROR;
				CLANG_WARN_QUOTED_INCLUDE_IN_FRAMEWORK_HEADER = YES;
				CLANG_WARN_RANGE_LOOP_ANALYSIS = YES;
				CLANG_WARN_STRICT_PROTOTYPES = YES;
				CLANG_WARN_SUSPICIOUS_MOVE = YES;
				CLANG_WARN_UNGUARDED_AVAILABILITY = YES_AGGRESSIVE;
				CLANG_WARN_UNREACHABLE_CODE = YES;
				CLANG_WARN__DUPLICATE_METHOD_MATCH = YES;
				COPY_PHASE_STRIP = NO;
				DEBUG_INFORMATION_FORMAT = "dwarf-with-dsym";
				ENABLE_NS_ASSERTIONS = NO;
				ENABLE_STRICT_OBJC_MSGSEND = YES;
				GCC_C_LANGUAGE_STANDARD = gnu11;
				GCC_NO_COMMON_BLOCKS = YES;
				GCC_WARN_64_TO_32_BIT_CONVERSION = YES;
				GCC_WARN_ABOUT_RETURN_TYPE = YES_ERROR;
				GCC_WARN_UNDECLARED_SELECTOR = YES;
				GCC_WARN_UNINITIALIZED_AUTOS = YES_AGGRESSIVE;
				GCC_WARN_UNUSED_FUNCTION = YES;
				GCC_WARN_UNUSED_VARIABLE = YES;
				IPHONEOS_DEPLOYMENT_TARGET = 16.4;
				MTL_ENABLE_DEBUG_INFO = NO;
				MTL_FAST_MATH = YES;
				SDKROOT = iphoneos;
				SWIFT_COMPILATION_MODE = wholemodule;
				SWIFT_OPTIMIZATION_LEVEL = "-O";
				VALIDATE_PRODUCT = YES;
			};
			name = Release;
		};
		CA501A9D2A59FA6600DC231A /* Debug */ = {
			isa = XCBuildConfiguration;
			buildSettings = {
				ASSETCATALOG_COMPILER_APPICON_NAME = AppIcon;
				ASSETCATALOG_COMPILER_GLOBAL_ACCENT_COLOR_NAME = AccentColor;
				CODE_SIGN_STYLE = Automatic;
				CURRENT_PROJECT_VERSION = 1;
				DEVELOPMENT_ASSET_PATHS = "\"Restaurant/Preview Content\"";
				ENABLE_PREVIEWS = YES;
				GENERATE_INFOPLIST_FILE = YES;
				INFOPLIST_KEY_UIApplicationSceneManifest_Generation = YES;
				INFOPLIST_KEY_UIApplicationSupportsIndirectInputEvents = YES;
				INFOPLIST_KEY_UILaunchScreen_Generation = YES;
				INFOPLIST_KEY_UISupportedInterfaceOrientations_iPad = "UIInterfaceOrientationPortrait UIInterfaceOrientationPortraitUpsideDown UIInterfaceOrientationLandscapeLeft UIInterfaceOrientationLandscapeRight";
				INFOPLIST_KEY_UISupportedInterfaceOrientations_iPhone = "UIInterfaceOrientationPortrait UIInterfaceOrientationLandscapeLeft UIInterfaceOrientationLandscapeRight";
				LD_RUNPATH_SEARCH_PATHS = (
					"$(inherited)",
					"@executable_path/Frameworks",
				);
				MARKETING_VERSION = 1.0;
				PRODUCT_BUNDLE_IDENTIFIER = som.carovny.Restaurant;
				PRODUCT_NAME = "$(TARGET_NAME)";
				SWIFT_EMIT_LOC_STRINGS = YES;
				SWIFT_VERSION = 5.0;
				TARGETED_DEVICE_FAMILY = "1,2";
			};
			name = Debug;
		};
		CA501A9E2A59FA6600DC231A /* Release */ = {
			isa = XCBuildConfiguration;
			buildSettings = {
				ASSETCATALOG_COMPILER_APPICON_NAME = AppIcon;
				ASSETCATALOG_COMPILER_GLOBAL_ACCENT_COLOR_NAME = AccentColor;
				CODE_SIGN_STYLE = Automatic;
				CURRENT_PROJECT_VERSION = 1;
				DEVELOPMENT_ASSET_PATHS = "\"Restaurant/Preview Content\"";
				ENABLE_PREVIEWS = YES;
				GENERATE_INFOPLIST_FILE = YES;
				INFOPLIST_KEY_UIApplicationSceneManifest_Generation = YES;
				INFOPLIST_KEY_UIApplicationSupportsIndirectInputEvents = YES;
				INFOPLIST_KEY_UILaunchScreen_Generation = YES;
				INFOPLIST_KEY_UISupportedInterfaceOrientations_iPad = "UIInterfaceOrientationPortrait UIInterfaceOrientationPortraitUpsideDown UIInterfaceOrientationLandscapeLeft UIInterfaceOrientationLandscapeRight";
				INFOPLIST_KEY_UISupportedInterfaceOrientations_iPhone = "UIInterfaceOrientationPortrait UIInterfaceOrientationLandscapeLeft UIInterfaceOrientationLandscapeRight";
				LD_RUNPATH_SEARCH_PATHS = (
					"$(inherited)",
					"@executable_path/Frameworks",
				);
				MARKETING_VERSION = 1.0;
				PRODUCT_BUNDLE_IDENTIFIER = som.carovny.Restaurant;
				PRODUCT_NAME = "$(TARGET_NAME)";
				SWIFT_EMIT_LOC_STRINGS = YES;
				SWIFT_VERSION = 5.0;
				TARGETED_DEVICE_FAMILY = "1,2";
			};
			name = Release;
		};
/* End XCBuildConfiguration section */

/* Begin XCConfigurationList section */
		CA501A892A59FA6400DC231A /* Build configuration list for PBXProject "Restaurant" */ = {
			isa = XCConfigurationList;
			buildConfigurations = (
				CA501A9A2A59FA6600DC231A /* Debug */,
				CA501A9B2A59FA6600DC231A /* Release */,
			);
			defaultConfigurationIsVisible = 0;
			defaultConfigurationName = Release;
		};
		CA501A9C2A59FA6600DC231A /* Build configuration list for PBXNativeTarget "Restaurant" */ = {
			isa = XCConfigurationList;
			buildConfigurations = (
				CA501A9D2A59FA6600DC231A /* Debug */,
				CA501A9E2A59FA6600DC231A /* Release */,
			);
			defaultConfigurationIsVisible = 0;
			defaultConfigurationName = Release;
		};
/* End XCConfigurationList section */
	};
	rootObject = CA501A862A59FA6400DC231A /* Project object */;
}
